
Microsoft Visual Studio Solution File, Format Version 12.00
# Visual Studio 15
VisualStudioVersion = 15.0.26124.0
MinimumVisualStudioVersion = 15.0.26124.0
Project("{2150E333-8FDC-42A3-9474-1A3956D46DE8}") = "src", "src", "{0617CCAF-C961-418C-86FE-7C24DD09737F}"
EndProject
Project("{FAE04EC0-301F-11D3-BF4B-00C04F79EFBC}") = "SimpleAPI", "src\simpleAPI\SimpleAPI.csproj", "{A00A9B3D-9625-467A-81EC-A0BC994B85DE}"
EndProject
Project("{2150E333-8FDC-42A3-9474-1A3956D46DE8}") = "test", "test", "{333ED4BE-E09B-4D33-A8CF-68726581CD2F}"
EndProject
Project("{FAE04EC0-301F-11D3-BF4B-00C04F79EFBC}") = "simpleAPI.test", "test\simpleAPI.test\simpleAPI.test.csproj", "{AB11C267-74CD-4D97-BFF5-66ADD973E697}"
EndProject
Global
	GlobalSection(SolutionConfigurationPlatforms) = preSolution
		Debug|Any CPU = Debug|Any CPU
		Debug|x64 = Debug|x64
		Debug|x86 = Debug|x86
		Release|Any CPU = Release|Any CPU
		Release|x64 = Release|x64
		Release|x86 = Release|x86
	EndGlobalSection
	GlobalSection(SolutionProperties) = preSolution
		HideSolutionNode = FALSE
	EndGlobalSection
	GlobalSection(ProjectConfigurationPlatforms) = postSolution
		{A00A9B3D-9625-467A-81EC-A0BC994B85DE}.Debug|Any CPU.ActiveCfg = Debug|Any CPU
		{A00A9B3D-9625-467A-81EC-A0BC994B85DE}.Debug|Any CPU.Build.0 = Debug|Any CPU
		{A00A9B3D-9625-467A-81EC-A0BC994B85DE}.Debug|x64.ActiveCfg = Debug|Any CPU
		{A00A9B3D-9625-467A-81EC-A0BC994B85DE}.Debug|x64.Build.0 = Debug|Any CPU
		{A00A9B3D-9625-467A-81EC-A0BC994B85DE}.Debug|x86.ActiveCfg = Debug|Any CPU
		{A00A9B3D-9625-467A-81EC-A0BC994B85DE}.Debug|x86.Build.0 = Debug|Any CPU
		{A00A9B3D-9625-467A-81EC-A0BC994B85DE}.Release|Any CPU.ActiveCfg = Release|Any CPU
		{A00A9B3D-9625-467A-81EC-A0BC994B85DE}.Release|Any CPU.Build.0 = Release|Any CPU
		{A00A9B3D-9625-467A-81EC-A0BC994B85DE}.Release|x64.ActiveCfg = Release|Any CPU
		{A00A9B3D-9625-467A-81EC-A0BC994B85DE}.Release|x64.Build.0 = Release|Any CPU
		{A00A9B3D-9625-467A-81EC-A0BC994B85DE}.Release|x86.ActiveCfg = Release|Any CPU
		{A00A9B3D-9625-467A-81EC-A0BC994B85DE}.Release|x86.Build.0 = Release|Any CPU
		{AB11C267-74CD-4D97-BFF5-66ADD973E697}.Debug|Any CPU.ActiveCfg = Debug|Any CPU
		{AB11C267-74CD-4D97-BFF5-66ADD973E697}.Debug|Any CPU.Build.0 = Debug|Any CPU
		{AB11C267-74CD-4D97-BFF5-66ADD973E697}.Debug|x64.ActiveCfg = Debug|Any CPU
		{AB11C267-74CD-4D97-BFF5-66ADD973E697}.Debug|x64.Build.0 = Debug|Any CPU
		{AB11C267-74CD-4D97-BFF5-66ADD973E697}.Debug|x86.ActiveCfg = Debug|Any CPU
		{AB11C267-74CD-4D97-BFF5-66ADD973E697}.Debug|x86.Build.0 = Debug|Any CPU
		{AB11C267-74CD-4D97-BFF5-66ADD973E697}.Release|Any CPU.ActiveCfg = Release|Any CPU
		{AB11C267-74CD-4D97-BFF5-66ADD973E697}.Release|Any CPU.Build.0 = Release|Any CPU
		{AB11C267-74CD-4D97-BFF5-66ADD973E697}.Release|x64.ActiveCfg = Release|Any CPU
		{AB11C267-74CD-4D97-BFF5-66ADD973E697}.Release|x64.Build.0 = Release|Any CPU
		{AB11C267-74CD-4D97-BFF5-66ADD973E697}.Release|x86.ActiveCfg = Release|Any CPU
		{AB11C267-74CD-4D97-BFF5-66ADD973E697}.Release|x86.Build.0 = Release|Any CPU
	EndGlobalSection
	GlobalSection(NestedProjects) = preSolution
		{A00A9B3D-9625-467A-81EC-A0BC994B85DE} = {0617CCAF-C961-418C-86FE-7C24DD09737F}
		{AB11C267-74CD-4D97-BFF5-66ADD973E697} = {333ED4BE-E09B-4D33-A8CF-68726581CD2F}
	EndGlobalSection
EndGlobal
